
Microsoft Visual Studio Solution File, Format Version 12.00
# Visual Studio 15
VisualStudioVersion = 15.0.28010.2003
MinimumVisualStudioVersion = 10.0.40219.1
Project("{FAE04EC0-301F-11D3-BF4B-00C04F79EFBC}") = "MyFirstIntroductionToCoding", "MyFirstIntroductionToCoding\MyFirstIntroductionToCoding.csproj", "{DE0D123F-D140-4B20-A60C-5B597D55B2A5}"
EndProject
Global
	GlobalSection(SolutionConfigurationPlatforms) = preSolution
		Debug|Any CPU = Debug|Any CPU
		Release|Any CPU = Release|Any CPU
	EndGlobalSection
	GlobalSection(ProjectConfigurationPlatforms) = postSolution
		{DE0D123F-D140-4B20-A60C-5B597D55B2A5}.Debug|Any CPU.ActiveCfg = Debug|Any CPU
		{DE0D123F-D140-4B20-A60C-5B597D55B2A5}.Debug|Any CPU.Build.0 = Debug|Any CPU
		{DE0D123F-D140-4B20-A60C-5B597D55B2A5}.Release|Any CPU.ActiveCfg = Release|Any CPU
		{DE0D123F-D140-4B20-A60C-5B597D55B2A5}.Release|Any CPU.Build.0 = Release|Any CPU
	EndGlobalSection
	GlobalSection(SolutionProperties) = preSolution
		HideSolutionNode = FALSE
	EndGlobalSection
	GlobalSection(ExtensibilityGlobals) = postSolution
		SolutionGuid = {90E51C9E-5878-4FAE-8029-447F8C1F129B}
	EndGlobalSection
EndGlobal
